
Microsoft Visual Studio Solution File, Format Version 12.00
# Visual Studio Version 17
VisualStudioVersion = 17.3.32929.385
MinimumVisualStudioVersion = 10.0.40219.1
Project("{9A19103F-16F7-4668-BE54-9A1E7A4F7556}") = "dxproject", "dxproject.csproj", "{30A985B5-8CAC-4A99-8381-C8EEABB8FA9A}"
EndProject
Project("{2150E333-8FDC-42A3-9474-1A3956D46DE8}") = "Data", "Data", "{23863D9B-7E6E-48E0-9FA9-95FD23B27017}"
EndProject
Project("{FAE04EC0-301F-11D3-BF4B-00C04F79EFBC}") = "dxproject.data", "..\dxproject.data\dxproject.data.csproj", "{49516CB5-2976-4868-BEF7-D35CDA4D1C09}"
EndProject
Global
	GlobalSection(SolutionConfigurationPlatforms) = preSolution
		Debug|Any CPU = Debug|Any CPU
		Release|Any CPU = Release|Any CPU
	EndGlobalSection
	GlobalSection(ProjectConfigurationPlatforms) = postSolution
		{30A985B5-8CAC-4A99-8381-C8EEABB8FA9A}.Debug|Any CPU.ActiveCfg = Debug|Any CPU
		{30A985B5-8CAC-4A99-8381-C8EEABB8FA9A}.Debug|Any CPU.Build.0 = Debug|Any CPU
		{30A985B5-8CAC-4A99-8381-C8EEABB8FA9A}.Release|Any CPU.ActiveCfg = Release|Any CPU
		{30A985B5-8CAC-4A99-8381-C8EEABB8FA9A}.Release|Any CPU.Build.0 = Release|Any CPU
		{49516CB5-2976-4868-BEF7-D35CDA4D1C09}.Debug|Any CPU.ActiveCfg = Debug|Any CPU
		{49516CB5-2976-4868-BEF7-D35CDA4D1C09}.Debug|Any CPU.Build.0 = Debug|Any CPU
		{49516CB5-2976-4868-BEF7-D35CDA4D1C09}.Release|Any CPU.ActiveCfg = Release|Any CPU
		{49516CB5-2976-4868-BEF7-D35CDA4D1C09}.Release|Any CPU.Build.0 = Release|Any CPU
	EndGlobalSection
	GlobalSection(SolutionProperties) = preSolution
		HideSolutionNode = FALSE
	EndGlobalSection
	GlobalSection(NestedProjects) = preSolution
		{49516CB5-2976-4868-BEF7-D35CDA4D1C09} = {23863D9B-7E6E-48E0-9FA9-95FD23B27017}
	EndGlobalSection
	GlobalSection(ExtensibilityGlobals) = postSolution
		SolutionGuid = {044364B5-FE3B-492D-858D-97ECFAE5A9D9}
	EndGlobalSection
EndGlobal
